
Microsoft Visual Studio Solution File, Format Version 12.00
# Visual Studio Version 16
VisualStudioVersion = 16.0.29318.209
MinimumVisualStudioVersion = 10.0.40219.1
Project("{FAE04EC0-301F-11D3-BF4B-00C04F79EFBC}") = "RegistroAsistencia", "Aistencia\RegistroAsistencia.csproj", "{DC0DBC19-19F6-41FC-B6C4-050A2EBDCDEB}"
EndProject
Project("{FAE04EC0-301F-11D3-BF4B-00C04F79EFBC}") = "RegistroAsistenciaTests", "RegistroAsistenciaTests\RegistroAsistenciaTests.csproj", "{D2561CB1-067F-4A0D-9FEA-1A504D5FA95A}"
EndProject
Global
	GlobalSection(SolutionConfigurationPlatforms) = preSolution
		Debug|Any CPU = Debug|Any CPU
		Release|Any CPU = Release|Any CPU
	EndGlobalSection
	GlobalSection(ProjectConfigurationPlatforms) = postSolution
		{DC0DBC19-19F6-41FC-B6C4-050A2EBDCDEB}.Debug|Any CPU.ActiveCfg = Debug|Any CPU
		{DC0DBC19-19F6-41FC-B6C4-050A2EBDCDEB}.Debug|Any CPU.Build.0 = Debug|Any CPU
		{DC0DBC19-19F6-41FC-B6C4-050A2EBDCDEB}.Release|Any CPU.ActiveCfg = Release|Any CPU
		{DC0DBC19-19F6-41FC-B6C4-050A2EBDCDEB}.Release|Any CPU.Build.0 = Release|Any CPU
		{D2561CB1-067F-4A0D-9FEA-1A504D5FA95A}.Debug|Any CPU.ActiveCfg = Debug|Any CPU
		{D2561CB1-067F-4A0D-9FEA-1A504D5FA95A}.Debug|Any CPU.Build.0 = Debug|Any CPU
		{D2561CB1-067F-4A0D-9FEA-1A504D5FA95A}.Release|Any CPU.ActiveCfg = Release|Any CPU
		{D2561CB1-067F-4A0D-9FEA-1A504D5FA95A}.Release|Any CPU.Build.0 = Release|Any CPU
	EndGlobalSection
	GlobalSection(SolutionProperties) = preSolution
		HideSolutionNode = FALSE
	EndGlobalSection
	GlobalSection(ExtensibilityGlobals) = postSolution
		SolutionGuid = {59CAC62E-C44B-45C9-8B3F-9777CD5B5A51}
	EndGlobalSection
EndGlobal
